
Microsoft Visual Studio Solution File, Format Version 12.00
Project("{FAE04EC0-301F-11D3-BF4B-00C04F79EFBC}") = "proiect_daw", "proiect_daw.csproj", "{36877757-22FE-44B7-9BF0-DADF8E2BC5D1}"
EndProject
Global
	GlobalSection(SolutionConfigurationPlatforms) = preSolution
		Debug|Any CPU = Debug|Any CPU
		Release|Any CPU = Release|Any CPU
	EndGlobalSection
	GlobalSection(ProjectConfigurationPlatforms) = postSolution
		{36877757-22FE-44B7-9BF0-DADF8E2BC5D1}.Debug|Any CPU.ActiveCfg = Debug|Any CPU
		{36877757-22FE-44B7-9BF0-DADF8E2BC5D1}.Debug|Any CPU.Build.0 = Debug|Any CPU
		{36877757-22FE-44B7-9BF0-DADF8E2BC5D1}.Release|Any CPU.ActiveCfg = Release|Any CPU
		{36877757-22FE-44B7-9BF0-DADF8E2BC5D1}.Release|Any CPU.Build.0 = Release|Any CPU
	EndGlobalSection
EndGlobal
